
Microsoft Visual Studio Solution File, Format Version 12.00
# Visual Studio Version 17
VisualStudioVersion = 17.14.36212.18 d17.14
MinimumVisualStudioVersion = 10.0.40219.1
Project("{FAE04EC0-301F-11D3-BF4B-00C04F79EFBC}") = "EmployeeManagement.API", "EmployeeManagement.API\EmployeeManagement.API.csproj", "{1B080470-3E47-45AD-81FF-45CE734390C3}"
EndProject
Project("{FAE04EC0-301F-11D3-BF4B-00C04F79EFBC}") = "EmployeeManagement.Tests", "EmployeeManagement.Tests\EmployeeManagement.Tests.csproj", "{EA29E8FB-E824-4E39-95B4-4E59D3BA60BC}"
EndProject
Project("{2150E333-8FDC-42A3-9474-1A3956D46DE8}") = "Solution Items", "Solution Items", "{8EC462FD-D22E-90A8-E5CE-7E832BA40C5D}"
EndProject
Project("{FAE04EC0-301F-11D3-BF4B-00C04F79EFBC}") = "EmployeeManagement.Core", "EmployeeManagement.Core\EmployeeManagement.Core.csproj", "{ECCE62DB-1477-AB39-6C55-FA5538354FE5}"
EndProject
Global
	GlobalSection(SolutionConfigurationPlatforms) = preSolution
		Debug|Any CPU = Debug|Any CPU
		Release|Any CPU = Release|Any CPU
	EndGlobalSection
	GlobalSection(ProjectConfigurationPlatforms) = postSolution
		{1B080470-3E47-45AD-81FF-45CE734390C3}.Debug|Any CPU.ActiveCfg = Debug|Any CPU
		{1B080470-3E47-45AD-81FF-45CE734390C3}.Debug|Any CPU.Build.0 = Debug|Any CPU
		{1B080470-3E47-45AD-81FF-45CE734390C3}.Release|Any CPU.ActiveCfg = Release|Any CPU
		{1B080470-3E47-45AD-81FF-45CE734390C3}.Release|Any CPU.Build.0 = Release|Any CPU
		{EA29E8FB-E824-4E39-95B4-4E59D3BA60BC}.Debug|Any CPU.ActiveCfg = Debug|Any CPU
		{EA29E8FB-E824-4E39-95B4-4E59D3BA60BC}.Debug|Any CPU.Build.0 = Debug|Any CPU
		{EA29E8FB-E824-4E39-95B4-4E59D3BA60BC}.Release|Any CPU.ActiveCfg = Release|Any CPU
		{EA29E8FB-E824-4E39-95B4-4E59D3BA60BC}.Release|Any CPU.Build.0 = Release|Any CPU
		{ECCE62DB-1477-AB39-6C55-FA5538354FE5}.Debug|Any CPU.ActiveCfg = Debug|Any CPU
		{ECCE62DB-1477-AB39-6C55-FA5538354FE5}.Debug|Any CPU.Build.0 = Debug|Any CPU
		{ECCE62DB-1477-AB39-6C55-FA5538354FE5}.Release|Any CPU.ActiveCfg = Release|Any CPU
		{ECCE62DB-1477-AB39-6C55-FA5538354FE5}.Release|Any CPU.Build.0 = Release|Any CPU
	EndGlobalSection
	GlobalSection(SolutionProperties) = preSolution
		HideSolutionNode = FALSE
	EndGlobalSection
	GlobalSection(ExtensibilityGlobals) = postSolution
		SolutionGuid = {97378E31-1ABE-4E42-95AF-4C5FE20B76CB}
	EndGlobalSection
EndGlobal
